
Microsoft Visual Studio Solution File, Format Version 12.00
# Visual Studio Version 17
VisualStudioVersion = 17.9.34723.18
MinimumVisualStudioVersion = 10.0.40219.1
Project("{FAE04EC0-301F-11D3-BF4B-00C04F79EFBC}") = "Restaurant_Reservation_Client", "Restaurant_Reservation_Client\Restaurant_Reservation_Client.csproj", "{4E528CF3-2D67-49CC-A08B-7EF5262F9BB2}"
EndProject
Global
	GlobalSection(SolutionConfigurationPlatforms) = preSolution
		Debug|Any CPU = Debug|Any CPU
		Release|Any CPU = Release|Any CPU
	EndGlobalSection
	GlobalSection(ProjectConfigurationPlatforms) = postSolution
		{4E528CF3-2D67-49CC-A08B-7EF5262F9BB2}.Debug|Any CPU.ActiveCfg = Debug|Any CPU
		{4E528CF3-2D67-49CC-A08B-7EF5262F9BB2}.Debug|Any CPU.Build.0 = Debug|Any CPU
		{4E528CF3-2D67-49CC-A08B-7EF5262F9BB2}.Release|Any CPU.ActiveCfg = Release|Any CPU
		{4E528CF3-2D67-49CC-A08B-7EF5262F9BB2}.Release|Any CPU.Build.0 = Release|Any CPU
	EndGlobalSection
	GlobalSection(SolutionProperties) = preSolution
		HideSolutionNode = FALSE
	EndGlobalSection
	GlobalSection(ExtensibilityGlobals) = postSolution
		SolutionGuid = {279DB692-8450-464F-BBFB-82CD96BEFE09}
	EndGlobalSection
EndGlobal
